
Microsoft Visual Studio Solution File, Format Version 12.00
# Visual Studio Version 16
VisualStudioVersion = 16.0.29519.181
MinimumVisualStudioVersion = 10.0.40219.1
Project("{8BC9CEB8-8B4A-11D0-8D11-00A0C91BC942}") = "mul", "mul\mul.vcxproj", "{875338C3-04BB-4923-94C3-90987D9673D0}"
EndProject
Global
	GlobalSection(SolutionConfigurationPlatforms) = preSolution
		Debug|x64 = Debug|x64
		Debug|x86 = Debug|x86
		Release|x64 = Release|x64
		Release|x86 = Release|x86
	EndGlobalSection
	GlobalSection(ProjectConfigurationPlatforms) = postSolution
		{875338C3-04BB-4923-94C3-90987D9673D0}.Debug|x64.ActiveCfg = Debug|x64
		{875338C3-04BB-4923-94C3-90987D9673D0}.Debug|x64.Build.0 = Debug|x64
		{875338C3-04BB-4923-94C3-90987D9673D0}.Debug|x86.ActiveCfg = Debug|Win32
		{875338C3-04BB-4923-94C3-90987D9673D0}.Debug|x86.Build.0 = Debug|Win32
		{875338C3-04BB-4923-94C3-90987D9673D0}.Release|x64.ActiveCfg = Release|x64
		{875338C3-04BB-4923-94C3-90987D9673D0}.Release|x64.Build.0 = Release|x64
		{875338C3-04BB-4923-94C3-90987D9673D0}.Release|x86.ActiveCfg = Release|Win32
		{875338C3-04BB-4923-94C3-90987D9673D0}.Release|x86.Build.0 = Release|Win32
	EndGlobalSection
	GlobalSection(SolutionProperties) = preSolution
		HideSolutionNode = FALSE
	EndGlobalSection
	GlobalSection(ExtensibilityGlobals) = postSolution
		SolutionGuid = {ABA70457-C647-4DF5-9643-7298A144093A}
	EndGlobalSection
EndGlobal
